
Microsoft Visual Studio Solution File, Format Version 12.00
# Visual Studio Version 16
VisualStudioVersion = 16.0.29613.14
MinimumVisualStudioVersion = 10.0.40219.1
Project("{FAE04EC0-301F-11D3-BF4B-00C04F79EFBC}") = "2019P2PRG-ArrayTest1", "2019P2PRG-ArrayTest1\2019P2PRG-ArrayTest1.csproj", "{353E1619-93FE-48A0-B17F-C04EB5D83ADA}"
EndProject
Global
	GlobalSection(SolutionConfigurationPlatforms) = preSolution
		Debug|Any CPU = Debug|Any CPU
		Release|Any CPU = Release|Any CPU
	EndGlobalSection
	GlobalSection(ProjectConfigurationPlatforms) = postSolution
		{353E1619-93FE-48A0-B17F-C04EB5D83ADA}.Debug|Any CPU.ActiveCfg = Debug|Any CPU
		{353E1619-93FE-48A0-B17F-C04EB5D83ADA}.Debug|Any CPU.Build.0 = Debug|Any CPU
		{353E1619-93FE-48A0-B17F-C04EB5D83ADA}.Release|Any CPU.ActiveCfg = Release|Any CPU
		{353E1619-93FE-48A0-B17F-C04EB5D83ADA}.Release|Any CPU.Build.0 = Release|Any CPU
	EndGlobalSection
	GlobalSection(SolutionProperties) = preSolution
		HideSolutionNode = FALSE
	EndGlobalSection
	GlobalSection(ExtensibilityGlobals) = postSolution
		SolutionGuid = {40772A5F-9E56-4A53-805F-BFB222EE7AF4}
	EndGlobalSection
EndGlobal
